// !$*UTF8*$!
{
	archiveVersion = 1;
	classes = {
	};
	objectVersion = 46;
	objects = {

/* Begin PBXBuildFile section */
		4C5D903318176021000BED1C /* Foundation.framework in Frameworks */ = {isa = PBXBuildFile; fileRef = 4C5D903218176021000BED1C /* Foundation.framework */; };
		4C5D903518176021000BED1C /* CoreGraphics.framework in Frameworks */ = {isa = PBXBuildFile; fileRef = 4C5D903418176021000BED1C /* CoreGraphics.framework */; };
		4C5D903718176021000BED1C /* UIKit.framework in Frameworks */ = {isa = PBXBuildFile; fileRef = 4C5D903618176021000BED1C /* UIKit.framework */; };
		4C5D903D18176021000BED1C /* InfoPlist.strings in Resources */ = {isa = PBXBuildFile; fileRef = 4C5D903B18176021000BED1C /* InfoPlist.strings */; };
		4C5D903F18176021000BED1C /* main.m in Sources */ = {isa = PBXBuildFile; fileRef = 4C5D903E18176021000BED1C /* main.m */; };
		4C5D904318176021000BED1C /* AppDelegate.m in Sources */ = {isa = PBXBuildFile; fileRef = 4C5D904218176021000BED1C /* AppDelegate.m */; };
		4C5D904918176021000BED1C /* Main.storyboard in Resources */ = {isa = PBXBuildFile; fileRef = 4C5D904718176021000BED1C /* Main.storyboard */; };
		4C5D904C18176021000BED1C /* ViewController.m in Sources */ = {isa = PBXBuildFile; fileRef = 4C5D904B18176021000BED1C /* ViewController.m */; };
		4C5D906B18176190000BED1C /* AudioToolbox.framework in Frameworks */ = {isa = PBXBuildFile; fileRef = 4C5D906A18176190000BED1C /* AudioToolbox.framework */; };
		4C5D906D18176195000BED1C /* AVFoundation.framework in Frameworks */ = {isa = PBXBuildFile; fileRef = 4C5D906C18176195000BED1C /* AVFoundation.framework */; };
		4C816DDF1A7A08E800DD0C84 /* main.m in Sources */ = {isa = PBXBuildFile; fileRef = 4C816DDE1A7A08E800DD0C84 /* main.m */; };
		4C816DE21A7A08E800DD0C84 /* AppDelegate.m in Sources */ = {isa = PBXBuildFile; fileRef = 4C816DE11A7A08E800DD0C84 /* AppDelegate.m */; };
		4C816DE51A7A08E800DD0C84 /* ViewController.m in Sources */ = {isa = PBXBuildFile; fileRef = 4C816DE41A7A08E800DD0C84 /* ViewController.m */; };
		4C816E581A7A0A0000DD0C84 /* Main.storyboard in Resources */ = {isa = PBXBuildFile; fileRef = 4C816E541A7A0A0000DD0C84 /* Main.storyboard */; };
		4C816E631A7A0AE700DD0C84 /* AVFoundation.framework in Frameworks */ = {isa = PBXBuildFile; fileRef = 4C5D906C18176195000BED1C /* AVFoundation.framework */; };
		4C816E651A7A0AE900DD0C84 /* AudioToolbox.framework in Frameworks */ = {isa = PBXBuildFile; fileRef = 4C5D906A18176190000BED1C /* AudioToolbox.framework */; };
		4C816E671A7A0AEE00DD0C84 /* Foundation.framework in Frameworks */ = {isa = PBXBuildFile; fileRef = 4C5D903218176021000BED1C /* Foundation.framework */; };
		4C816E681A7A0AEE00DD0C84 /* CoreGraphics.framework in Frameworks */ = {isa = PBXBuildFile; fileRef = 4C5D903418176021000BED1C /* CoreGraphics.framework */; };
		4C816E691A7A0AEE00DD0C84 /* UIKit.framework in Frameworks */ = {isa = PBXBuildFile; fileRef = 4C5D903618176021000BED1C /* UIKit.framework */; };
		4C816E761A7A279600DD0C84 /* Images.xcassets in Resources */ = {isa = PBXBuildFile; fileRef = 4C816E751A7A279600DD0C84 /* Images.xcassets */; };
		4C816E781A7A27A100DD0C84 /* Images.xcassets in Resources */ = {isa = PBXBuildFile; fileRef = 4C816E771A7A27A100DD0C84 /* Images.xcassets */; };
/* End PBXBuildFile section */

/* Begin PBXFileReference section */
		4C5D902F18176021000BED1C /* IAATestHost.app */ = {isa = PBXFileReference; explicitFileType = wrapper.application; includeInIndex = 0; path = IAATestHost.app; sourceTree = BUILT_PRODUCTS_DIR; };
		4C5D903218176021000BED1C /* Foundation.framework */ = {isa = PBXFileReference; lastKnownFileType = wrapper.framework; name = Foundation.framework; path = System/Library/Frameworks/Foundation.framework; sourceTree = SDKROOT; };
		4C5D903418176021000BED1C /* CoreGraphics.framework */ = {isa = PBXFileReference; lastKnownFileType = wrapper.framework; name = CoreGraphics.framework; path = System/Library/Frameworks/CoreGraphics.framework; sourceTree = SDKROOT; };
		4C5D903618176021000BED1C /* UIKit.framework */ = {isa = PBXFileReference; lastKnownFileType = wrapper.framework; name = UIKit.framework; path = System/Library/Frameworks/UIKit.framework; sourceTree = SDKROOT; };
		4C5D903A18176021000BED1C /* IAATestHost-Info.plist */ = {isa = PBXFileReference; lastKnownFileType = text.plist.xml; path = "IAATestHost-Info.plist"; sourceTree = "<group>"; };
		4C5D903C18176021000BED1C /* en */ = {isa = PBXFileReference; lastKnownFileType = text.plist.strings; name = en; path = en.lproj/InfoPlist.strings; sourceTree = "<group>"; };
		4C5D903E18176021000BED1C /* main.m */ = {isa = PBXFileReference; lastKnownFileType = sourcecode.c.objc; path = main.m; sourceTree = "<group>"; };
		4C5D904018176021000BED1C /* IAATestHost-Prefix.pch */ = {isa = PBXFileReference; lastKnownFileType = sourcecode.c.h; path = "IAATestHost-Prefix.pch"; sourceTree = "<group>"; };
		4C5D904118176021000BED1C /* AppDelegate.h */ = {isa = PBXFileReference; lastKnownFileType = sourcecode.c.h; path = AppDelegate.h; sourceTree = "<group>"; };
		4C5D904218176021000BED1C /* AppDelegate.m */ = {isa = PBXFileReference; lastKnownFileType = sourcecode.c.objc; path = AppDelegate.m; sourceTree = "<group>"; };
		4C5D904818176021000BED1C /* Base */ = {isa = PBXFileReference; lastKnownFileType = file.storyboard; name = Base; path = Base.lproj/Main.storyboard; sourceTree = "<group>"; };
		4C5D904A18176021000BED1C /* ViewController.h */ = {isa = PBXFileReference; lastKnownFileType = sourcecode.c.h; path = ViewController.h; sourceTree = "<group>"; };
		4C5D904B18176021000BED1C /* ViewController.m */ = {isa = PBXFileReference; lastKnownFileType = sourcecode.c.objc; path = ViewController.m; sourceTree = "<group>"; };
		4C5D906A18176190000BED1C /* AudioToolbox.framework */ = {isa = PBXFileReference; lastKnownFileType = wrapper.framework; name = AudioToolbox.framework; path = System/Library/Frameworks/AudioToolbox.framework; sourceTree = SDKROOT; };
		4C5D906C18176195000BED1C /* AVFoundation.framework */ = {isa = PBXFileReference; lastKnownFileType = wrapper.framework; name = AVFoundation.framework; path = System/Library/Frameworks/AVFoundation.framework; sourceTree = SDKROOT; };
		4C816DDA1A7A08E800DD0C84 /* IAATestGenerator.app */ = {isa = PBXFileReference; explicitFileType = wrapper.application; includeInIndex = 0; path = IAATestGenerator.app; sourceTree = BUILT_PRODUCTS_DIR; };
		4C816DDE1A7A08E800DD0C84 /* main.m */ = {isa = PBXFileReference; lastKnownFileType = sourcecode.c.objc; name = main.m; path = "../IAATest Generator/main.m"; sourceTree = "<group>"; };
		4C816DE01A7A08E800DD0C84 /* AppDelegate.h */ = {isa = PBXFileReference; lastKnownFileType = sourcecode.c.h; path = AppDelegate.h; sourceTree = "<group>"; };
		4C816DE11A7A08E800DD0C84 /* AppDelegate.m */ = {isa = PBXFileReference; lastKnownFileType = sourcecode.c.objc; path = AppDelegate.m; sourceTree = "<group>"; };
		4C816DE31A7A08E800DD0C84 /* ViewController.h */ = {isa = PBXFileReference; lastKnownFileType = sourcecode.c.h; path = ViewController.h; sourceTree = "<group>"; };
		4C816DE41A7A08E800DD0C84 /* ViewController.m */ = {isa = PBXFileReference; lastKnownFileType = sourcecode.c.objc; path = ViewController.m; sourceTree = "<group>"; };
		4C816E551A7A0A0000DD0C84 /* Base */ = {isa = PBXFileReference; lastKnownFileType = file.storyboard; name = Base; path = "IAATest Generator/Base.lproj/Main.storyboard"; sourceTree = SOURCE_ROOT; };
		4C816E5A1A7A0A1400DD0C84 /* IAATestGenerator-Info.plist */ = {isa = PBXFileReference; fileEncoding = 4; lastKnownFileType = text.plist.xml; name = "IAATestGenerator-Info.plist"; path = "IAATest Generator/IAATestGenerator-Info.plist"; sourceTree = SOURCE_ROOT; };
		4C816E6F1A7A251F00DD0C84 /* IAATestHost.entitlements */ = {isa = PBXFileReference; lastKnownFileType = text.xml; name = IAATestHost.entitlements; path = "IAATest Host/IAATestHost.entitlements"; sourceTree = SOURCE_ROOT; };
		4C816E721A7A258300DD0C84 /* en */ = {isa = PBXFileReference; lastKnownFileType = text.plist.strings; name = en; path = "IAATest Generator/en.lproj/InfoPlist.strings"; sourceTree = SOURCE_ROOT; };
		4C816E741A7A258A00DD0C84 /* IAATestGenerator.entitlements */ = {isa = PBXFileReference; lastKnownFileType = text.xml; name = IAATestGenerator.entitlements; path = "IAATest Generator/IAATestGenerator.entitlements"; sourceTree = SOURCE_ROOT; };
		4C816E751A7A279600DD0C84 /* Images.xcassets */ = {isa = PBXFileReference; lastKnownFileType = folder.assetcatalog; path = Images.xcassets; sourceTree = "<group>"; };
		4C816E771A7A27A100DD0C84 /* Images.xcassets */ = {isa = PBXFileReference; lastKnownFileType = folder.assetcatalog; path = Images.xcassets; sourceTree = "<group>"; };
/* End PBXFileReference section */

/* Begin PBXFrameworksBuildPhase section */
		4C5D902C18176021000BED1C /* Frameworks */ = {
			isa = PBXFrameworksBuildPhase;
			buildActionMask = 2147483647;
			files = (
				4C5D906D18176195000BED1C /* AVFoundation.framework in Frameworks */,
				4C5D906B18176190000BED1C /* AudioToolbox.framework in Frameworks */,
				4C5D903518176021000BED1C /* CoreGraphics.framework in Frameworks */,
				4C5D903718176021000BED1C /* UIKit.framework in Frameworks */,
				4C5D903318176021000BED1C /* Foundation.framework in Frameworks */,
			);
			runOnlyForDeploymentPostprocessing = 0;
		};
		4C816DD71A7A08E800DD0C84 /* Frameworks */ = {
			isa = PBXFrameworksBuildPhase;
			buildActionMask = 2147483647;
			files = (
				4C816E681A7A0AEE00DD0C84 /* CoreGraphics.framework in Frameworks */,
				4C816E631A7A0AE700DD0C84 /* AVFoundation.framework in Frameworks */,
				4C816E671A7A0AEE00DD0C84 /* Foundation.framework in Frameworks */,
				4C816E651A7A0AE900DD0C84 /* AudioToolbox.framework in Frameworks */,
				4C816E691A7A0AEE00DD0C84 /* UIKit.framework in Frameworks */,
			);
			runOnlyForDeploymentPostprocessing = 0;
		};
/* End PBXFrameworksBuildPhase section */

/* Begin PBXGroup section */
		4C5D902618176021000BED1C = {
			isa = PBXGroup;
			children = (
				4C5D903818176021000BED1C /* IAATest Host */,
				4C816DDB1A7A08E800DD0C84 /* IAATest Generator */,
				4C5D903118176021000BED1C /* Frameworks */,
				4C5D903018176021000BED1C /* Products */,
			);
			sourceTree = "<group>";
		};
		4C5D903018176021000BED1C /* Products */ = {
			isa = PBXGroup;
			children = (
				4C5D902F18176021000BED1C /* IAATestHost.app */,
				4C816DDA1A7A08E800DD0C84 /* IAATestGenerator.app */,
			);
			name = Products;
			sourceTree = "<group>";
		};
		4C5D903118176021000BED1C /* Frameworks */ = {
			isa = PBXGroup;
			children = (
				4C5D906C18176195000BED1C /* AVFoundation.framework */,
				4C5D906A18176190000BED1C /* AudioToolbox.framework */,
				4C5D903218176021000BED1C /* Foundation.framework */,
				4C5D903418176021000BED1C /* CoreGraphics.framework */,
				4C5D903618176021000BED1C /* UIKit.framework */,
			);
			name = Frameworks;
			sourceTree = "<group>";
		};
		4C5D903818176021000BED1C /* IAATest Host */ = {
			isa = PBXGroup;
			children = (
				4C5D904118176021000BED1C /* AppDelegate.h */,
				4C5D904218176021000BED1C /* AppDelegate.m */,
				4C5D904A18176021000BED1C /* ViewController.h */,
				4C5D904B18176021000BED1C /* ViewController.m */,
				4C5D904718176021000BED1C /* Main.storyboard */,
				4C816E751A7A279600DD0C84 /* Images.xcassets */,
				4C5D903918176021000BED1C /* Supporting Files */,
			);
			path = "IAATest Host";
			sourceTree = "<group>";
		};
		4C5D903918176021000BED1C /* Supporting Files */ = {
			isa = PBXGroup;
			children = (
				4C816E6F1A7A251F00DD0C84 /* IAATestHost.entitlements */,
				4C5D903A18176021000BED1C /* IAATestHost-Info.plist */,
				4C5D903B18176021000BED1C /* InfoPlist.strings */,
				4C5D903E18176021000BED1C /* main.m */,
				4C5D904018176021000BED1C /* IAATestHost-Prefix.pch */,
			);
			name = "Supporting Files";
			sourceTree = "<group>";
		};
		4C816DDB1A7A08E800DD0C84 /* IAATest Generator */ = {
			isa = PBXGroup;
			children = (
				4C816DE01A7A08E800DD0C84 /* AppDelegate.h */,
				4C816DE11A7A08E800DD0C84 /* AppDelegate.m */,
				4C816DE31A7A08E800DD0C84 /* ViewController.h */,
				4C816DE41A7A08E800DD0C84 /* ViewController.m */,
				4C816E541A7A0A0000DD0C84 /* Main.storyboard */,
				4C816E771A7A27A100DD0C84 /* Images.xcassets */,
				4C816DDC1A7A08E800DD0C84 /* Supporting Files */,
			);
			path = "IAATest Generator";
			sourceTree = "<group>";
		};
		4C816DDC1A7A08E800DD0C84 /* Supporting Files */ = {
			isa = PBXGroup;
			children = (
				4C816E741A7A258A00DD0C84 /* IAATestGenerator.entitlements */,
				4C816E5A1A7A0A1400DD0C84 /* IAATestGenerator-Info.plist */,
				4C816E711A7A258300DD0C84 /* InfoPlist.strings */,
				4C816DDE1A7A08E800DD0C84 /* main.m */,
			);
			name = "Supporting Files";
			sourceTree = "<group>";
		};
/* End PBXGroup section */

/* Begin PBXNativeTarget section */
		4C5D902E18176021000BED1C /* IAATestHost */ = {
			isa = PBXNativeTarget;
			buildConfigurationList = 4C5D906418176022000BED1C /* Build configuration list for PBXNativeTarget "IAATestHost" */;
			buildPhases = (
				4C5D902B18176021000BED1C /* Sources */,
				4C5D902C18176021000BED1C /* Frameworks */,
				4C5D902D18176021000BED1C /* Resources */,
			);
			buildRules = (
			);
			dependencies = (
			);
			name = IAATestHost;
			productName = IAATest;
			productReference = 4C5D902F18176021000BED1C /* IAATestHost.app */;
			productType = "com.apple.product-type.application";
		};
		4C816DD91A7A08E800DD0C84 /* IAATestGenerator */ = {
			isa = PBXNativeTarget;
			buildConfigurationList = 4C816DFE1A7A08E800DD0C84 /* Build configuration list for PBXNativeTarget "IAATestGenerator" */;
			buildPhases = (
				4C816DD61A7A08E800DD0C84 /* Sources */,
				4C816DD71A7A08E800DD0C84 /* Frameworks */,
				4C816DD81A7A08E800DD0C84 /* Resources */,
			);
			buildRules = (
			);
			dependencies = (
			);
			name = IAATestGenerator;
			productName = IAATestGenerator;
			productReference = 4C816DDA1A7A08E800DD0C84 /* IAATestGenerator.app */;
			productType = "com.apple.product-type.application";
		};
/* End PBXNativeTarget section */

/* Begin PBXProject section */
		4C5D902718176021000BED1C /* Project object */ = {
			isa = PBXProject;
			attributes = {
				LastUpgradeCheck = 0720;
				ORGANIZATIONNAME = "A Tasty Pixel";
				TargetAttributes = {
					4C5D902E18176021000BED1C = {
						DevelopmentTeam = X925S83LF5;
						SystemCapabilities = {
							com.apple.BackgroundModes = {
								enabled = 1;
							};
							com.apple.InterAppAudio = {
								enabled = 1;
							};
						};
					};
					4C816DD91A7A08E800DD0C84 = {
						CreatedOnToolsVersion = 6.1.1;
						DevelopmentTeam = X925S83LF5;
					};
				};
			};
			buildConfigurationList = 4C5D902A18176021000BED1C /* Build configuration list for PBXProject "IAATest" */;
			compatibilityVersion = "Xcode 3.2";
			developmentRegion = English;
			hasScannedForEncodings = 0;
			knownRegions = (
				en,
				Base,
			);
			mainGroup = 4C5D902618176021000BED1C;
			productRefGroup = 4C5D903018176021000BED1C /* Products */;
			projectDirPath = "";
			projectRoot = "";
			targets = (
				4C5D902E18176021000BED1C /* IAATestHost */,
				4C816DD91A7A08E800DD0C84 /* IAATestGenerator */,
			);
		};
/* End PBXProject section */

/* Begin PBXResourcesBuildPhase section */
		4C5D902D18176021000BED1C /* Resources */ = {
			isa = PBXResourcesBuildPhase;
			buildActionMask = 2147483647;
			files = (
				4C5D904918176021000BED1C /* Main.storyboard in Resources */,
				4C816E761A7A279600DD0C84 /* Images.xcassets in Resources */,
				4C5D903D18176021000BED1C /* InfoPlist.strings in Resources */,
			);
			runOnlyForDeploymentPostprocessing = 0;
		};
		4C816DD81A7A08E800DD0C84 /* Resources */ = {
			isa = PBXResourcesBuildPhase;
			buildActionMask = 2147483647;
			files = (
				4C816E781A7A27A100DD0C84 /* Images.xcassets in Resources */,
				4C816E581A7A0A0000DD0C84 /* Main.storyboard in Resources */,
			);
			runOnlyForDeploymentPostprocessing = 0;
		};
/* End PBXResourcesBuildPhase section */

/* Begin PBXSourcesBuildPhase section */
		4C5D902B18176021000BED1C /* Sources */ = {
			isa = PBXSourcesBuildPhase;
			buildActionMask = 2147483647;
			files = (
				4C5D904C18176021000BED1C /* ViewController.m in Sources */,
				4C5D904318176021000BED1C /* AppDelegate.m in Sources */,
				4C5D903F18176021000BED1C /* main.m in Sources */,
			);
			runOnlyForDeploymentPostprocessing = 0;
		};
		4C816DD61A7A08E800DD0C84 /* Sources */ = {
			isa = PBXSourcesBuildPhase;
			buildActionMask = 2147483647;
			files = (
				4C816DE51A7A08E800DD0C84 /* ViewController.m in Sources */,
				4C816DE21A7A08E800DD0C84 /* AppDelegate.m in Sources */,
				4C816DDF1A7A08E800DD0C84 /* main.m in Sources */,
			);
			runOnlyForDeploymentPostprocessing = 0;
		};
/* End PBXSourcesBuildPhase section */

/* Begin PBXVariantGroup section */
		4C5D903B18176021000BED1C /* InfoPlist.strings */ = {
			isa = PBXVariantGroup;
			children = (
				4C5D903C18176021000BED1C /* en */,
			);
			name = InfoPlist.strings;
			sourceTree = "<group>";
		};
		4C5D904718176021000BED1C /* Main.storyboard */ = {
			isa = PBXVariantGroup;
			children = (
				4C5D904818176021000BED1C /* Base */,
			);
			name = Main.storyboard;
			sourceTree = "<group>";
		};
		4C816E541A7A0A0000DD0C84 /* Main.storyboard */ = {
			isa = PBXVariantGroup;
			children = (
				4C816E551A7A0A0000DD0C84 /* Base */,
			);
			name = Main.storyboard;
			sourceTree = "<group>";
		};
		4C816E711A7A258300DD0C84 /* InfoPlist.strings */ = {
			isa = PBXVariantGroup;
			children = (
				4C816E721A7A258300DD0C84 /* en */,
			);
			name = InfoPlist.strings;
			sourceTree = "<group>";
		};
/* End PBXVariantGroup section */

/* Begin XCBuildConfiguration section */
		4C5D906218176022000BED1C /* Debug */ = {
			isa = XCBuildConfiguration;
			buildSettings = {
				ALWAYS_SEARCH_USER_PATHS = NO;
				CLANG_CXX_LANGUAGE_STANDARD = "gnu++0x";
				CLANG_CXX_LIBRARY = "libc++";
				CLANG_ENABLE_MODULES = YES;
				CLANG_ENABLE_OBJC_ARC = YES;
				CLANG_WARN_BOOL_CONVERSION = YES;
				CLANG_WARN_CONSTANT_CONVERSION = YES;
				CLANG_WARN_DIRECT_OBJC_ISA_USAGE = YES_ERROR;
				CLANG_WARN_EMPTY_BODY = YES;
				CLANG_WARN_ENUM_CONVERSION = YES;
				CLANG_WARN_INT_CONVERSION = YES;
				CLANG_WARN_OBJC_ROOT_CLASS = YES_ERROR;
				CLANG_WARN__DUPLICATE_METHOD_MATCH = YES;
				"CODE_SIGN_IDENTITY[sdk=iphoneos*]" = "iPhone Developer";
				COPY_PHASE_STRIP = NO;
				ENABLE_TESTABILITY = YES;
				GCC_C_LANGUAGE_STANDARD = gnu99;
				GCC_DYNAMIC_NO_PIC = NO;
				GCC_OPTIMIZATION_LEVEL = 0;
				GCC_PREPROCESSOR_DEFINITIONS = (
					"DEBUG=1",
					"$(inherited)",
				);
				GCC_SYMBOLS_PRIVATE_EXTERN = NO;
				GCC_WARN_64_TO_32_BIT_CONVERSION = YES;
				GCC_WARN_ABOUT_RETURN_TYPE = YES_ERROR;
				GCC_WARN_UNDECLARED_SELECTOR = YES;
				GCC_WARN_UNINITIALIZED_AUTOS = YES;
				GCC_WARN_UNUSED_FUNCTION = YES;
				GCC_WARN_UNUSED_VARIABLE = YES;
				IPHONEOS_DEPLOYMENT_TARGET = 7.0;
				ONLY_ACTIVE_ARCH = YES;
				SDKROOT = iphoneos;
				TARGETED_DEVICE_FAMILY = "1,2";
			};
			name = Debug;
		};
		4C5D906318176022000BED1C /* Release */ = {
			isa = XCBuildConfiguration;
			buildSettings = {
				ALWAYS_SEARCH_USER_PATHS = NO;
				CLANG_CXX_LANGUAGE_STANDARD = "gnu++0x";
				CLANG_CXX_LIBRARY = "libc++";
				CLANG_ENABLE_MODULES = YES;
				CLANG_ENABLE_OBJC_ARC = YES;
				CLANG_WARN_BOOL_CONVERSION = YES;
				CLANG_WARN_CONSTANT_CONVERSION = YES;
				CLANG_WARN_DIRECT_OBJC_ISA_USAGE = YES_ERROR;
				CLANG_WARN_EMPTY_BODY = YES;
				CLANG_WARN_ENUM_CONVERSION = YES;
				CLANG_WARN_INT_CONVERSION = YES;
				CLANG_WARN_OBJC_ROOT_CLASS = YES_ERROR;
				CLANG_WARN__DUPLICATE_METHOD_MATCH = YES;
				"CODE_SIGN_IDENTITY[sdk=iphoneos*]" = "iPhone Developer";
				COPY_PHASE_STRIP = YES;
				ENABLE_NS_ASSERTIONS = NO;
				GCC_C_LANGUAGE_STANDARD = gnu99;
				GCC_WARN_64_TO_32_BIT_CONVERSION = YES;
				GCC_WARN_ABOUT_RETURN_TYPE = YES_ERROR;
				GCC_WARN_UNDECLARED_SELECTOR = YES;
				GCC_WARN_UNINITIALIZED_AUTOS = YES;
				GCC_WARN_UNUSED_FUNCTION = YES;
				GCC_WARN_UNUSED_VARIABLE = YES;
				IPHONEOS_DEPLOYMENT_TARGET = 7.0;
				SDKROOT = iphoneos;
				TARGETED_DEVICE_FAMILY = "1,2";
				VALIDATE_PRODUCT = YES;
			};
			name = Release;
		};
		4C5D906518176022000BED1C /* Debug */ = {
			isa = XCBuildConfiguration;
			buildSettings = {
				ASSETCATALOG_COMPILER_APPICON_NAME = AppIcon;
				ASSETCATALOG_COMPILER_LAUNCHIMAGE_NAME = LaunchImage;
				CODE_SIGN_ENTITLEMENTS = "IAATest Host/IAATestHost.entitlements";
				CODE_SIGN_IDENTITY = "iPhone Developer";
				"CODE_SIGN_IDENTITY[sdk=iphoneos*]" = "iPhone Developer";
				GCC_PRECOMPILE_PREFIX_HEADER = YES;
				GCC_PREFIX_HEADER = "IAATest Host/IAATestHost-Prefix.pch";
				INFOPLIST_FILE = "IAATest Host/IAATestHost-Info.plist";
				IPHONEOS_DEPLOYMENT_TARGET = 7.0;
				PRODUCT_BUNDLE_IDENTIFIER = "com.atastypixel.$(PRODUCT_NAME:rfc1034identifier)";
				PRODUCT_NAME = IAATestHost;
				PROVISIONING_PROFILE = "";
				TARGETED_DEVICE_FAMILY = "1,2";
				WRAPPER_EXTENSION = app;
			};
			name = Debug;
		};
		4C5D906618176022000BED1C /* Release */ = {
			isa = XCBuildConfiguration;
			buildSettings = {
				ASSETCATALOG_COMPILER_APPICON_NAME = AppIcon;
				ASSETCATALOG_COMPILER_LAUNCHIMAGE_NAME = LaunchImage;
				CODE_SIGN_ENTITLEMENTS = "IAATest Host/IAATestHost.entitlements";
				CODE_SIGN_IDENTITY = "iPhone Developer";
				"CODE_SIGN_IDENTITY[sdk=iphoneos*]" = "iPhone Developer";
				GCC_PRECOMPILE_PREFIX_HEADER = YES;
				GCC_PREFIX_HEADER = "IAATest Host/IAATestHost-Prefix.pch";
				INFOPLIST_FILE = "IAATest Host/IAATestHost-Info.plist";
				IPHONEOS_DEPLOYMENT_TARGET = 7.0;
				PRODUCT_BUNDLE_IDENTIFIER = "com.atastypixel.$(PRODUCT_NAME:rfc1034identifier)";
				PRODUCT_NAME = IAATestHost;
				PROVISIONING_PROFILE = "";
				TARGETED_DEVICE_FAMILY = "1,2";
				WRAPPER_EXTENSION = app;
			};
			name = Release;
		};
		4C816DFA1A7A08E800DD0C84 /* Debug */ = {
			isa = XCBuildConfiguration;
			buildSettings = {
				ASSETCATALOG_COMPILER_APPICON_NAME = AppIcon;
				ASSETCATALOG_COMPILER_LAUNCHIMAGE_NAME = LaunchImage;
				CLANG_WARN_UNREACHABLE_CODE = YES;
				CODE_SIGN_ENTITLEMENTS = "IAATest Generator/IAATestGenerator.entitlements";
				CODE_SIGN_IDENTITY = "iPhone Developer";
				ENABLE_STRICT_OBJC_MSGSEND = YES;
				GCC_PREFIX_HEADER = "IAATest Generator/IAATestGenerator-Prefix.pch";
				GCC_PREPROCESSOR_DEFINITIONS = (
					"DEBUG=1",
					"$(inherited)",
				);
				GCC_WARN_UNINITIALIZED_AUTOS = YES_AGGRESSIVE;
				INFOPLIST_FILE = "IAATest Generator/IAATestGenerator-Info.plist";
				IPHONEOS_DEPLOYMENT_TARGET = 7.0;
				LD_RUNPATH_SEARCH_PATHS = "$(inherited) @executable_path/Frameworks";
				MTL_ENABLE_DEBUG_INFO = YES;
				PRODUCT_BUNDLE_IDENTIFIER = "com.atastypixel.${PRODUCT_NAME:rfc1034identifier}";
				PRODUCT_NAME = "$(TARGET_NAME)";
			};
			name = Debug;
		};
		4C816DFB1A7A08E800DD0C84 /* Release */ = {
			isa = XCBuildConfiguration;
			buildSettings = {
				ASSETCATALOG_COMPILER_APPICON_NAME = AppIcon;
				ASSETCATALOG_COMPILER_LAUNCHIMAGE_NAME = LaunchImage;
				CLANG_WARN_UNREACHABLE_CODE = YES;
				CODE_SIGN_ENTITLEMENTS = "IAATest Generator/IAATestGenerator.entitlements";
				CODE_SIGN_IDENTITY = "iPhone Developer";
				ENABLE_STRICT_OBJC_MSGSEND = YES;
				GCC_PREFIX_HEADER = "IAATest Generator/IAATestGenerator-Prefix.pch";
				GCC_WARN_UNINITIALIZED_AUTOS = YES_AGGRESSIVE;
				INFOPLIST_FILE = "IAATest Generator/IAATestGenerator-Info.plist";
				IPHONEOS_DEPLOYMENT_TARGET = 7.0;
				LD_RUNPATH_SEARCH_PATHS = "$(inherited) @executable_path/Frameworks";
				MTL_ENABLE_DEBUG_INFO = NO;
				PRODUCT_BUNDLE_IDENTIFIER = "com.atastypixel.${PRODUCT_NAME:rfc1034identifier}";
				PRODUCT_NAME = "$(TARGET_NAME)";
			};
			name = Release;
		};
/* End XCBuildConfiguration section */

/* Begin XCConfigurationList section */
		4C5D902A18176021000BED1C /* Build configuration list for PBXProject "IAATest" */ = {
			isa = XCConfigurationList;
			buildConfigurations = (
				4C5D906218176022000BED1C /* Debug */,
				4C5D906318176022000BED1C /* Release */,
			);
			defaultConfigurationIsVisible = 0;
			defaultConfigurationName = Release;
		};
		4C5D906418176022000BED1C /* Build configuration list for PBXNativeTarget "IAATestHost" */ = {
			isa = XCConfigurationList;
			buildConfigurations = (
				4C5D906518176022000BED1C /* Debug */,
				4C5D906618176022000BED1C /* Release */,
			);
			defaultConfigurationIsVisible = 0;
			defaultConfigurationName = Release;
		};
		4C816DFE1A7A08E800DD0C84 /* Build configuration list for PBXNativeTarget "IAATestGenerator" */ = {
			isa = XCConfigurationList;
			buildConfigurations = (
				4C816DFA1A7A08E800DD0C84 /* Debug */,
				4C816DFB1A7A08E800DD0C84 /* Release */,
			);
			defaultConfigurationIsVisible = 0;
			defaultConfigurationName = Release;
		};
/* End XCConfigurationList section */
	};
	rootObject = 4C5D902718176021000BED1C /* Project object */;
}
